
Microsoft Visual Studio Solution File, Format Version 12.00
# Visual Studio Version 16
VisualStudioVersion = 16.0.30503.244
MinimumVisualStudioVersion = 10.0.40219.1
Project("{FAE04EC0-301F-11D3-BF4B-00C04F79EFBC}") = "Fractions", "Fraction\Fractions.csproj", "{4EEBF904-297F-4CF3-BE99-34DA4E032612}"
EndProject
Global
	GlobalSection(SolutionConfigurationPlatforms) = preSolution
		Debug|Any CPU = Debug|Any CPU
		Release|Any CPU = Release|Any CPU
	EndGlobalSection
	GlobalSection(ProjectConfigurationPlatforms) = postSolution
		{4EEBF904-297F-4CF3-BE99-34DA4E032612}.Debug|Any CPU.ActiveCfg = Debug|Any CPU
		{4EEBF904-297F-4CF3-BE99-34DA4E032612}.Debug|Any CPU.Build.0 = Debug|Any CPU
		{4EEBF904-297F-4CF3-BE99-34DA4E032612}.Release|Any CPU.ActiveCfg = Release|Any CPU
		{4EEBF904-297F-4CF3-BE99-34DA4E032612}.Release|Any CPU.Build.0 = Release|Any CPU
	EndGlobalSection
	GlobalSection(SolutionProperties) = preSolution
		HideSolutionNode = FALSE
	EndGlobalSection
	GlobalSection(ExtensibilityGlobals) = postSolution
		SolutionGuid = {42C0FDFB-2D30-41FA-A53D-BAB3215A463E}
	EndGlobalSection
EndGlobal
